{
  "version": 4,
  "terraform_version": "1.6.6",
  "serial": 55,
  "lineage": "02d8df8b-3645-18b0-113c-44afafe852d7",
  "outputs": {
    "list_output": {
      "value": [
        "Modi",
        "Pappu",
        "Yogi"
      ],
      "type": [
        "list",
        "string"
      ]
    },
    "map_output": {
      "value": {
        "key1": "Khali",
        "key3": "Undertaker"
      },
      "type": [
        "map",
        "string"
      ]
    },
    "number_output": {
      "value": 100000000000000,
      "type": "number"
    },
    "object_output": {
      "value": {
        "address": "Bharat",
        "age": 22,
        "name": "Gaurav Bhainsora"
      },
      "type": [
        "object",
        {
          "address": "string",
          "age": "number",
          "name": "string"
        }
      ]
    },
    "random_id": {
      "value": "ejYE_YN95sU",
      "type": "string"
    },
    "random_id_value": {
      "value": "acf36aaa2e2601cd",
      "type": "string"
    },
    "string_output": {
      "value": "Hello, India!",
      "type": "string"
    }
  },
  "resources": [
    {
      "mode": "managed",
      "type": "local_file",
      "name": "file1",
      "provider": "provider[\"registry.terraform.io/hashicorp/local\"]",
      "instances": [
        {
          "schema_version": 0,
          "attributes": {
            "content": "Hello, India!",
            "content_base64": null,
            "content_base64sha256": "fdmuilOIF7w+YrJruFX4kdcuzk/uB3nLDtw0L1Bg06A=",
            "content_base64sha512": "5JLKfNSQhZT4Pbo1bhaF9KDfhAPIPkdxCozck+DuidKRV061zwkeVTfFEQ5q1F0OJ7Uzj2NOo9bI7lly3w5oYg==",
            "content_md5": "8e758f30d1371afdb7840ea33769a855",
            "content_sha1": "5ea934cff6fb9bad61b34f246412dbf7e208d074",
            "content_sha256": "7dd9ae8a538817bc3e62b26bb855f891d72ece4fee0779cb0edc342f5060d3a0",
            "content_sha512": "e492ca7cd4908594f83dba356e1685f4a0df8403c83e47710a8cdc93e0ee89d291574eb5cf091e5537c5110e6ad45d0e27b5338f634ea3d6c8ee5972df0e6862",
            "directory_permission": "0777",
            "file_permission": "0777",
            "filename": "./ment1/string",
            "id": "5ea934cff6fb9bad61b34f246412dbf7e208d074",
            "sensitive_content": null,
            "source": null
          },
          "sensitive_attributes": []
        }
      ]
    },
    {
      "mode": "managed",
      "type": "local_file",
      "name": "file2",
      "provider": "provider[\"registry.terraform.io/hashicorp/local\"]",
      "instances": [
        {
          "schema_version": 0,
          "attributes": {
            "content": "100000000000000",
            "content_base64": null,
            "content_base64sha256": "cYbDMWV3z37gVoxv9/Mie1s+S0mOfqu6T249kI4hYvQ=",
            "content_base64sha512": "crzQ7x5Y/ZN9uODqwgWbD3xCHPZ4alAZhebBdvaEVwJeDeiSag2AlSlrm1JWCjfnu7bAM7OG+1fxpf00NqiYzw==",
            "content_md5": "b906dd3da1554cd4dd7743a85d7c2ac2",
            "content_sha1": "f24051fd36a0a632dc26aed543e432d760af8dd5",
            "content_sha256": "7186c3316577cf7ee0568c6ff7f3227b5b3e4b498e7eabba4f6e3d908e2162f4",
            "content_sha512": "72bcd0ef1e58fd937db8e0eac2059b0f7c421cf6786a501985e6c176f68457025e0de8926a0d8095296b9b52560a37e7bbb6c033b386fb57f1a5fd3436a898cf",
            "directory_permission": "0777",
            "file_permission": "0777",
            "filename": "./ment1/number",
            "id": "f24051fd36a0a632dc26aed543e432d760af8dd5",
            "sensitive_content": null,
            "source": null
          },
          "sensitive_attributes": []
        }
      ]
    },
    {
      "mode": "managed",
      "type": "local_file",
      "name": "file3",
      "provider": "provider[\"registry.terraform.io/hashicorp/local\"]",
      "instances": [
        {
          "schema_version": 0,
          "attributes": {
            "content": "Modi",
            "content_base64": null,
            "content_base64sha256": "n9Ayh84Ww0kw6gIj/vErmtV+i5Pqx9kJxMokk0JGlZg=",
            "content_base64sha512": "AgxYMLjgcFxEMGWluL1kANg5WxoDRy6jmYj8XBai9WA+ISF8rdsnD0/laIs8nvknIvDvSAXV4InrHr9APx3ZGw==",
            "content_md5": "e8f5c4cead0bf9f240ee6daae368f9cd",
            "content_sha1": "2620d89dab477718fe6a6ecadb48be52562f1585",
            "content_sha256": "9fd03287ce16c34930ea0223fef12b9ad57e8b93eac7d909c4ca249342469598",
            "content_sha512": "020c5830b8e0705c443065a5b8bd6400d8395b1a03472ea39988fc5c16a2f5603e21217caddb270f4fe5688b3c9ef92722f0ef4805d5e089eb1ebf403f1dd91b",
            "directory_permission": "0777",
            "file_permission": "0777",
            "filename": "./ment2/list",
            "id": "2620d89dab477718fe6a6ecadb48be52562f1585",
            "sensitive_content": null,
            "source": null
          },
          "sensitive_attributes": []
        }
      ]
    },
    {
      "mode": "managed",
      "type": "local_file",
      "name": "file4",
      "provider": "provider[\"registry.terraform.io/hashicorp/local\"]",
      "instances": [
        {
          "schema_version": 0,
          "attributes": {
            "content": "Undertaker",
            "content_base64": null,
            "content_base64sha256": "yOAIyXQOH6G5sYaiueiMHHRugAn7l+j7S0EjfgYAgqM=",
            "content_base64sha512": "AF6nuijQDQyOPPj/4fneBOFXMFQkO6Pb3QhZC2Kv/v/ZADvfxNhsPEEOBYw+j8L53jxY9w+hsyKvguhNLu9mjg==",
            "content_md5": "67e1578e380003021a82e9f0b265eea3",
            "content_sha1": "381085461d0c2206db0f0e7fa4263d330c9988fe",
            "content_sha256": "c8e008c9740e1fa1b9b186a2b9e88c1c746e8009fb97e8fb4b41237e060082a3",
            "content_sha512": "005ea7ba28d00d0c8e3cf8ffe1f9de04e1573054243ba3dbdd08590b62affeffd9003bdfc4d86c3c410e058c3e8fc2f9de3c58f70fa1b322af82e84d2eef668e",
            "directory_permission": "0777",
            "file_permission": "0777",
            "filename": "./ment2/map",
            "id": "381085461d0c2206db0f0e7fa4263d330c9988fe",
            "sensitive_content": null,
            "source": null
          },
          "sensitive_attributes": []
        }
      ]
    },
    {
      "mode": "managed",
      "type": "local_file",
      "name": "file5",
      "provider": "provider[\"registry.terraform.io/hashicorp/local\"]",
      "instances": [
        {
          "schema_version": 0,
          "attributes": {
            "content": "Gaurav Bhainsora",
            "content_base64": null,
            "content_base64sha256": "JKEQFje32SNKJZPXembBvEtpOCJ95nY4bSSD5sblSYo=",
            "content_base64sha512": "fCvpUIHv4qSssy/AlwMW7G0LJHdEW49opf9Wd0s1Tp2Kd/LNg4ho/9lOaELdZ0540pUsjb6Qo5K4UQBAqh80oQ==",
            "content_md5": "797c2e7c10721d22d535226f9c37b47b",
            "content_sha1": "4fa7cffd2a2ca26fe8a06a1f7bd8ae7d086e561e",
            "content_sha256": "24a1101637b7d9234a2593d77a66c1bc4b6938227de676386d2483e6c6e5498a",
            "content_sha512": "7c2be95081efe2a4acb32fc0970316ec6d0b2477445b8f68a5ff56774b354e9d8a77f2cd838868ffd94e6842dd674e78d2952c8dbe90a392b8510040aa1f34a1",
            "directory_permission": "0777",
            "file_permission": "0777",
            "filename": "./ment3/object",
            "id": "4fa7cffd2a2ca26fe8a06a1f7bd8ae7d086e561e",
            "sensitive_content": null,
            "source": null
          },
          "sensitive_attributes": []
        }
      ]
    },
    {
      "mode": "managed",
      "type": "random_id",
      "name": "example_id",
      "provider": "provider[\"registry.terraform.io/hashicorp/random\"]",
      "instances": [
        {
          "schema_version": 0,
          "attributes": {
            "b64_std": "rPNqqi4mAc0=",
            "b64_url": "rPNqqi4mAc0",
            "byte_length": 8,
            "dec": "12462421873015521741",
            "hex": "acf36aaa2e2601cd",
            "id": "rPNqqi4mAc0",
            "keepers": null,
            "prefix": null
          },
          "sensitive_attributes": []
        }
      ]
    },
    {
      "mode": "managed",
      "type": "random_id",
      "name": "server",
      "provider": "provider[\"registry.terraform.io/hashicorp/random\"]",
      "instances": [
        {
          "schema_version": 0,
          "attributes": {
            "b64_std": "ejYE/YN95sU=",
            "b64_url": "ejYE_YN95sU",
            "byte_length": 8,
            "dec": "8806231608248886981",
            "hex": "7a3604fd837de6c5",
            "id": "ejYE_YN95sU",
            "keepers": {
              "ami_id": "sadsad"
            },
            "prefix": null
          },
          "sensitive_attributes": []
        }
      ]
    }
  ],
  "check_results": null
}
